
Microsoft Visual Studio Solution File, Format Version 12.00
# Visual Studio Version 17
VisualStudioVersion = 17.5.2.0
MinimumVisualStudioVersion = 10.0.40219.1
Project("{FAE04EC0-301F-11D3-BF4B-00C04F79EFBC}") = "BMW.Books.AuditingService", "BMW.Books.AuditingService\BMW.Books.AuditingService.csproj", "{DCD5C978-3BFC-4C20-9DB0-D3935329A141}"
EndProject
Project("{FAE04EC0-301F-11D3-BF4B-00C04F79EFBC}") = "BMW.Books.CatalogueService", "BMW.Books.CatalogueService\BMW.Books.CatalogueService.csproj", "{2C9F5A7D-6543-4665-8391-62B8B98E9187}"
EndProject
Project("{FAE04EC0-301F-11D3-BF4B-00C04F79EFBC}") = "BMW.Books.OrderService", "BMW.Books.OrderService\BMW.Books.OrderService.csproj", "{F7020A9F-C759-4A5E-8D9F-49DB243A93C4}"
EndProject
Project("{2150E333-8FDC-42A3-9474-1A3956D46DE8}") = "tests", "tests", "{0AB3BF05-4346-4AA6-1389-037BE0695223}"
EndProject
Project("{FAE04EC0-301F-11D3-BF4B-00C04F79EFBC}") = "BMW.Books.AuditingService.Unit.Tests", "tests\BMW.Books.AuditingService.Unit.Tests\BMW.Books.AuditingService.Unit.Tests.csproj", "{E39BF6FF-8E4A-4025-B64E-9EE8B71BAF06}"
EndProject
Project("{FAE04EC0-301F-11D3-BF4B-00C04F79EFBC}") = "BMW.Books.CatalogueService.Unit.Tests", "tests\BMW.Books.CatalogueService.Unit.Tests\BMW.Books.CatalogueService.Unit.Tests.csproj", "{05CD5D44-4DBB-456A-B632-5E544CB143F9}"
EndProject
Project("{FAE04EC0-301F-11D3-BF4B-00C04F79EFBC}") = "BMW.Books.OrderService.Unit.Tests", "tests\BMW.Books.OrderService.Unit.Tests\BMW.Books.OrderService.Unit.Tests.csproj", "{D36DC304-3E86-4931-A835-47BD36316DBC}"
EndProject
Global
	GlobalSection(SolutionConfigurationPlatforms) = preSolution
		Debug|Any CPU = Debug|Any CPU
		Debug|x64 = Debug|x64
		Debug|x86 = Debug|x86
		Release|Any CPU = Release|Any CPU
		Release|x64 = Release|x64
		Release|x86 = Release|x86
	EndGlobalSection
	GlobalSection(ProjectConfigurationPlatforms) = postSolution
		{DCD5C978-3BFC-4C20-9DB0-D3935329A141}.Debug|Any CPU.ActiveCfg = Debug|Any CPU
		{DCD5C978-3BFC-4C20-9DB0-D3935329A141}.Debug|Any CPU.Build.0 = Debug|Any CPU
		{DCD5C978-3BFC-4C20-9DB0-D3935329A141}.Debug|x64.ActiveCfg = Debug|Any CPU
		{DCD5C978-3BFC-4C20-9DB0-D3935329A141}.Debug|x64.Build.0 = Debug|Any CPU
		{DCD5C978-3BFC-4C20-9DB0-D3935329A141}.Debug|x86.ActiveCfg = Debug|Any CPU
		{DCD5C978-3BFC-4C20-9DB0-D3935329A141}.Debug|x86.Build.0 = Debug|Any CPU
		{DCD5C978-3BFC-4C20-9DB0-D3935329A141}.Release|Any CPU.ActiveCfg = Release|Any CPU
		{DCD5C978-3BFC-4C20-9DB0-D3935329A141}.Release|Any CPU.Build.0 = Release|Any CPU
		{DCD5C978-3BFC-4C20-9DB0-D3935329A141}.Release|x64.ActiveCfg = Release|Any CPU
		{DCD5C978-3BFC-4C20-9DB0-D3935329A141}.Release|x64.Build.0 = Release|Any CPU
		{DCD5C978-3BFC-4C20-9DB0-D3935329A141}.Release|x86.ActiveCfg = Release|Any CPU
		{DCD5C978-3BFC-4C20-9DB0-D3935329A141}.Release|x86.Build.0 = Release|Any CPU
		{2C9F5A7D-6543-4665-8391-62B8B98E9187}.Debug|Any CPU.ActiveCfg = Debug|Any CPU
		{2C9F5A7D-6543-4665-8391-62B8B98E9187}.Debug|Any CPU.Build.0 = Debug|Any CPU
		{2C9F5A7D-6543-4665-8391-62B8B98E9187}.Debug|x64.ActiveCfg = Debug|Any CPU
		{2C9F5A7D-6543-4665-8391-62B8B98E9187}.Debug|x64.Build.0 = Debug|Any CPU
		{2C9F5A7D-6543-4665-8391-62B8B98E9187}.Debug|x86.ActiveCfg = Debug|Any CPU
		{2C9F5A7D-6543-4665-8391-62B8B98E9187}.Debug|x86.Build.0 = Debug|Any CPU
		{2C9F5A7D-6543-4665-8391-62B8B98E9187}.Release|Any CPU.ActiveCfg = Release|Any CPU
		{2C9F5A7D-6543-4665-8391-62B8B98E9187}.Release|Any CPU.Build.0 = Release|Any CPU
		{2C9F5A7D-6543-4665-8391-62B8B98E9187}.Release|x64.ActiveCfg = Release|Any CPU
		{2C9F5A7D-6543-4665-8391-62B8B98E9187}.Release|x64.Build.0 = Release|Any CPU
		{2C9F5A7D-6543-4665-8391-62B8B98E9187}.Release|x86.ActiveCfg = Release|Any CPU
		{2C9F5A7D-6543-4665-8391-62B8B98E9187}.Release|x86.Build.0 = Release|Any CPU
		{F7020A9F-C759-4A5E-8D9F-49DB243A93C4}.Debug|Any CPU.ActiveCfg = Debug|Any CPU
		{F7020A9F-C759-4A5E-8D9F-49DB243A93C4}.Debug|Any CPU.Build.0 = Debug|Any CPU
		{F7020A9F-C759-4A5E-8D9F-49DB243A93C4}.Debug|x64.ActiveCfg = Debug|Any CPU
		{F7020A9F-C759-4A5E-8D9F-49DB243A93C4}.Debug|x64.Build.0 = Debug|Any CPU
		{F7020A9F-C759-4A5E-8D9F-49DB243A93C4}.Debug|x86.ActiveCfg = Debug|Any CPU
		{F7020A9F-C759-4A5E-8D9F-49DB243A93C4}.Debug|x86.Build.0 = Debug|Any CPU
		{F7020A9F-C759-4A5E-8D9F-49DB243A93C4}.Release|Any CPU.ActiveCfg = Release|Any CPU
		{F7020A9F-C759-4A5E-8D9F-49DB243A93C4}.Release|Any CPU.Build.0 = Release|Any CPU
		{F7020A9F-C759-4A5E-8D9F-49DB243A93C4}.Release|x64.ActiveCfg = Release|Any CPU
		{F7020A9F-C759-4A5E-8D9F-49DB243A93C4}.Release|x64.Build.0 = Release|Any CPU
		{F7020A9F-C759-4A5E-8D9F-49DB243A93C4}.Release|x86.ActiveCfg = Release|Any CPU
		{F7020A9F-C759-4A5E-8D9F-49DB243A93C4}.Release|x86.Build.0 = Release|Any CPU
		{E39BF6FF-8E4A-4025-B64E-9EE8B71BAF06}.Debug|Any CPU.ActiveCfg = Debug|Any CPU
		{E39BF6FF-8E4A-4025-B64E-9EE8B71BAF06}.Debug|Any CPU.Build.0 = Debug|Any CPU
		{E39BF6FF-8E4A-4025-B64E-9EE8B71BAF06}.Debug|x64.ActiveCfg = Debug|Any CPU
		{E39BF6FF-8E4A-4025-B64E-9EE8B71BAF06}.Debug|x64.Build.0 = Debug|Any CPU
		{E39BF6FF-8E4A-4025-B64E-9EE8B71BAF06}.Debug|x86.ActiveCfg = Debug|Any CPU
		{E39BF6FF-8E4A-4025-B64E-9EE8B71BAF06}.Debug|x86.Build.0 = Debug|Any CPU
		{E39BF6FF-8E4A-4025-B64E-9EE8B71BAF06}.Release|Any CPU.ActiveCfg = Release|Any CPU
		{E39BF6FF-8E4A-4025-B64E-9EE8B71BAF06}.Release|Any CPU.Build.0 = Release|Any CPU
		{E39BF6FF-8E4A-4025-B64E-9EE8B71BAF06}.Release|x64.ActiveCfg = Release|Any CPU
		{E39BF6FF-8E4A-4025-B64E-9EE8B71BAF06}.Release|x64.Build.0 = Release|Any CPU
		{E39BF6FF-8E4A-4025-B64E-9EE8B71BAF06}.Release|x86.ActiveCfg = Release|Any CPU
		{E39BF6FF-8E4A-4025-B64E-9EE8B71BAF06}.Release|x86.Build.0 = Release|Any CPU
		{05CD5D44-4DBB-456A-B632-5E544CB143F9}.Debug|Any CPU.ActiveCfg = Debug|Any CPU
		{05CD5D44-4DBB-456A-B632-5E544CB143F9}.Debug|Any CPU.Build.0 = Debug|Any CPU
		{05CD5D44-4DBB-456A-B632-5E544CB143F9}.Debug|x64.ActiveCfg = Debug|Any CPU
		{05CD5D44-4DBB-456A-B632-5E544CB143F9}.Debug|x64.Build.0 = Debug|Any CPU
		{05CD5D44-4DBB-456A-B632-5E544CB143F9}.Debug|x86.ActiveCfg = Debug|Any CPU
		{05CD5D44-4DBB-456A-B632-5E544CB143F9}.Debug|x86.Build.0 = Debug|Any CPU
		{05CD5D44-4DBB-456A-B632-5E544CB143F9}.Release|Any CPU.ActiveCfg = Release|Any CPU
		{05CD5D44-4DBB-456A-B632-5E544CB143F9}.Release|Any CPU.Build.0 = Release|Any CPU
		{05CD5D44-4DBB-456A-B632-5E544CB143F9}.Release|x64.ActiveCfg = Release|Any CPU
		{05CD5D44-4DBB-456A-B632-5E544CB143F9}.Release|x64.Build.0 = Release|Any CPU
		{05CD5D44-4DBB-456A-B632-5E544CB143F9}.Release|x86.ActiveCfg = Release|Any CPU
		{05CD5D44-4DBB-456A-B632-5E544CB143F9}.Release|x86.Build.0 = Release|Any CPU
		{D36DC304-3E86-4931-A835-47BD36316DBC}.Debug|Any CPU.ActiveCfg = Debug|Any CPU
		{D36DC304-3E86-4931-A835-47BD36316DBC}.Debug|Any CPU.Build.0 = Debug|Any CPU
		{D36DC304-3E86-4931-A835-47BD36316DBC}.Debug|x64.ActiveCfg = Debug|Any CPU
		{D36DC304-3E86-4931-A835-47BD36316DBC}.Debug|x64.Build.0 = Debug|Any CPU
		{D36DC304-3E86-4931-A835-47BD36316DBC}.Debug|x86.ActiveCfg = Debug|Any CPU
		{D36DC304-3E86-4931-A835-47BD36316DBC}.Debug|x86.Build.0 = Debug|Any CPU
		{D36DC304-3E86-4931-A835-47BD36316DBC}.Release|Any CPU.ActiveCfg = Release|Any CPU
		{D36DC304-3E86-4931-A835-47BD36316DBC}.Release|Any CPU.Build.0 = Release|Any CPU
		{D36DC304-3E86-4931-A835-47BD36316DBC}.Release|x64.ActiveCfg = Release|Any CPU
		{D36DC304-3E86-4931-A835-47BD36316DBC}.Release|x64.Build.0 = Release|Any CPU
		{D36DC304-3E86-4931-A835-47BD36316DBC}.Release|x86.ActiveCfg = Release|Any CPU
		{D36DC304-3E86-4931-A835-47BD36316DBC}.Release|x86.Build.0 = Release|Any CPU
	EndGlobalSection
	GlobalSection(SolutionProperties) = preSolution
		HideSolutionNode = FALSE
	EndGlobalSection
	GlobalSection(NestedProjects) = preSolution
		{E39BF6FF-8E4A-4025-B64E-9EE8B71BAF06} = {0AB3BF05-4346-4AA6-1389-037BE0695223}
		{05CD5D44-4DBB-456A-B632-5E544CB143F9} = {0AB3BF05-4346-4AA6-1389-037BE0695223}
		{D36DC304-3E86-4931-A835-47BD36316DBC} = {0AB3BF05-4346-4AA6-1389-037BE0695223}
	EndGlobalSection
	GlobalSection(ExtensibilityGlobals) = postSolution
		SolutionGuid = {376EC556-CDD5-4BAA-AFE3-27FEBB011F66}
	EndGlobalSection
EndGlobal
